<?xml version="1.0" encoding="UTF-8" standalone="yes" ?>
<CodeBlocks_project_file>
   <FileVersion major="1" minor="6" />
   <Project>
      <Option title="graspit" />
      <Option makefile_is_custom="1" />
      <Option compiler="gcc" />
      <Option virtualFolders="CMake Files\;CMake Files\CMakeMacros\;" />
      <Build>
      <Target title="all">
         <Option working_dir="/home/rbtying/wkspc_Spring_2017/grasp_reachability_planning/build-graspit-Desktop-Default" />
         <Option type="4" />
         <MakeCommands>
            <Build command="/usr/bin/make -f &quot;/home/rbtying/wkspc_Spring_2017/grasp_reachability_planning/build-graspit-Desktop-Default/Makefile&quot;  VERBOSE=1 all" />
            <CompileFile command="/usr/bin/make -f &quot;/home/rbtying/wkspc_Spring_2017/grasp_reachability_planning/build-graspit-Desktop-Default/Makefile&quot;  VERBOSE=1 &quot;$file&quot;" />
            <Clean command="/usr/bin/make -f &quot;/home/rbtying/wkspc_Spring_2017/grasp_reachability_planning/build-graspit-Desktop-Default/Makefile&quot;  VERBOSE=1 clean" />
            <DistClean command="/usr/bin/make -f &quot;/home/rbtying/wkspc_Spring_2017/grasp_reachability_planning/build-graspit-Desktop-Default/Makefile&quot;  VERBOSE=1 clean" />
         </MakeCommands>
      </Target>
      <Target title="edit_cache">
         <Option working_dir="/home/rbtying/wkspc_Spring_2017/grasp_reachability_planning/build-graspit-Desktop-Default" />
         <Option type="4" />
         <MakeCommands>
            <Build command="/usr/bin/make -f &quot;/home/rbtying/wkspc_Spring_2017/grasp_reachability_planning/build-graspit-Desktop-Default/Makefile&quot;  VERBOSE=1 edit_cache" />
            <CompileFile command="/usr/bin/make -f &quot;/home/rbtying/wkspc_Spring_2017/grasp_reachability_planning/build-graspit-Desktop-Default/Makefile&quot;  VERBOSE=1 &quot;$file&quot;" />
            <Clean command="/usr/bin/make -f &quot;/home/rbtying/wkspc_Spring_2017/grasp_reachability_planning/build-graspit-Desktop-Default/Makefile&quot;  VERBOSE=1 clean" />
            <DistClean command="/usr/bin/make -f &quot;/home/rbtying/wkspc_Spring_2017/grasp_reachability_planning/build-graspit-Desktop-Default/Makefile&quot;  VERBOSE=1 clean" />
         </MakeCommands>
      </Target>
      <Target title="graspit">
         <Option output="/home/rbtying/wkspc_Spring_2017/grasp_reachability_planning/build-graspit-Desktop-Default/libgraspit.so" prefix_auto="0" extension_auto="0" />
         <Option working_dir="/home/rbtying/wkspc_Spring_2017/grasp_reachability_planning/build-graspit-Desktop-Default" />
         <Option object_output="./" />
         <Option type="3" />
         <Option compiler="gcc" />
         <Compiler>
            <Add option="-Dqh_QHpointer" />
            <Add option="-DQT_NO_DEBUG" />
            <Add option="-DQT3_SUPPORT" />
            <Add option="-DQT_3SUPPORT_LIB" />
            <Add option="-DQT_SQL_LIB" />
            <Add option="-DQT_CORE_LIB" />
            <Add option="-DGRASPIT_RELEASE" />
            <Add option="-DGRASPIT_EXPORTS" />
            <Add option="-DCGDB_ENABLED" />
            <Add option="-DBATCH_PROCESSING" />
            <Add option="-DPLY_READER" />
            <Add option="-DGRASPIT_COLLISION" />
            <Add option="-DGRASPIT_DYNAMICS" />
            <Add directory="/home/rbtying/wkspc_Spring_2017/grasp_reachability_planning/build-graspit-Desktop-Default/include/graspit/ui" />
            <Add directory="/home/rbtying/wkspc_Spring_2017/grasp_reachability_planning/graspit" />
            <Add directory="/home/rbtying/wkspc_Spring_2017/grasp_reachability_planning/graspit/EIGEN3_INCLUDE_DIR" />
            <Add directory="/home/rbtying/wkspc_Spring_2017/grasp_reachability_planning/graspit/cmdline" />
            <Add directory="/home/rbtying/wkspc_Spring_2017/grasp_reachability_planning/graspit/include" />
            <Add directory="/home/rbtying/wkspc_Spring_2017/grasp_reachability_planning/graspit/include/Collision" />
            <Add directory="/home/rbtying/wkspc_Spring_2017/grasp_reachability_planning/graspit/include/Collision/Graspit" />
            <Add directory="/home/rbtying/wkspc_Spring_2017/grasp_reachability_planning/graspit/include/DBase" />
            <Add directory="/home/rbtying/wkspc_Spring_2017/grasp_reachability_planning/graspit/include/DBase/DBPlanner" />
            <Add directory="/home/rbtying/wkspc_Spring_2017/grasp_reachability_planning/graspit/include/EGPlanner" />
            <Add directory="/home/rbtying/wkspc_Spring_2017/grasp_reachability_planning/graspit/include/EGPlanner/energy" />
            <Add directory="/home/rbtying/wkspc_Spring_2017/grasp_reachability_planning/graspit/include/Planner" />
            <Add directory="/home/rbtying/wkspc_Spring_2017/grasp_reachability_planning/graspit/include/contact" />
            <Add directory="/home/rbtying/wkspc_Spring_2017/grasp_reachability_planning/graspit/include/dynamics" />
            <Add directory="/home/rbtying/wkspc_Spring_2017/grasp_reachability_planning/graspit/include/math" />
            <Add directory="/home/rbtying/wkspc_Spring_2017/grasp_reachability_planning/graspit/include/robots" />
            <Add directory="/home/rbtying/wkspc_Spring_2017/grasp_reachability_planning/graspit/ply" />
            <Add directory="/home/rbtying/wkspc_Spring_2017/grasp_reachability_planning/graspit/tinyxml" />
            <Add directory="/home/rbtying/wkspc_Spring_2017/grasp_reachability_planning/graspit/ui" />
            <Add directory="/home/rbtying/wkspc_Spring_2017/grasp_reachability_planning/graspit/ui/EGPlanner" />
            <Add directory="/home/rbtying/wkspc_Spring_2017/grasp_reachability_planning/graspit/ui/Planner" />
            <Add directory="/opt/ros/indigo/include" />
            <Add directory="/usr/include" />
            <Add directory="/usr/include/c++/4.8" />
            <Add directory="/usr/include/c++/4.8/backward" />
            <Add directory="/usr/include/libqhull" />
            <Add directory="/usr/include/qt4" />
            <Add directory="/usr/include/qt4/Qt3Support" />
            <Add directory="/usr/include/qt4/QtCore" />
            <Add directory="/usr/include/qt4/QtDBus" />
            <Add directory="/usr/include/qt4/QtDeclarative" />
            <Add directory="/usr/include/qt4/QtDesigner" />
            <Add directory="/usr/include/qt4/QtGui" />
            <Add directory="/usr/include/qt4/QtHelp" />
            <Add directory="/usr/include/qt4/QtNetwork" />
            <Add directory="/usr/include/qt4/QtOpenGL" />
            <Add directory="/usr/include/qt4/QtScript" />
            <Add directory="/usr/include/qt4/QtScriptTools" />
            <Add directory="/usr/include/qt4/QtSql" />
            <Add directory="/usr/include/qt4/QtSvg" />
            <Add directory="/usr/include/qt4/QtTest" />
            <Add directory="/usr/include/qt4/QtUiTools" />
            <Add directory="/usr/include/qt4/QtWebKit" />
            <Add directory="/usr/include/qt4/QtXml" />
            <Add directory="/usr/include/qt4/QtXmlPatterns" />
            <Add directory="/usr/include/x86_64-linux-gnu" />
            <Add directory="/usr/include/x86_64-linux-gnu/c++/4.8" />
            <Add directory="/usr/lib/gcc/x86_64-linux-gnu/4.8/include" />
            <Add directory="/usr/lib/gcc/x86_64-linux-gnu/4.8/include-fixed" />
            <Add directory="/usr/local/include" />
            <Add directory="/usr/share/qt4/mkspecs/default" />
         </Compiler>
         <MakeCommands>
            <Build command="/usr/bin/make -f &quot;/home/rbtying/wkspc_Spring_2017/grasp_reachability_planning/build-graspit-Desktop-Default/Makefile&quot;  VERBOSE=1 graspit" />
            <CompileFile command="/usr/bin/make -f &quot;/home/rbtying/wkspc_Spring_2017/grasp_reachability_planning/build-graspit-Desktop-Default/Makefile&quot;  VERBOSE=1 &quot;$file&quot;" />
            <Clean command="/usr/bin/make -f &quot;/home/rbtying/wkspc_Spring_2017/grasp_reachability_planning/build-graspit-Desktop-Default/Makefile&quot;  VERBOSE=1 clean" />
            <DistClean command="/usr/bin/make -f &quot;/home/rbtying/wkspc_Spring_2017/grasp_reachability_planning/build-graspit-Desktop-Default/Makefile&quot;  VERBOSE=1 clean" />
         </MakeCommands>
      </Target>
      <Target title="graspit/fast">
         <Option output="/home/rbtying/wkspc_Spring_2017/grasp_reachability_planning/build-graspit-Desktop-Default/libgraspit.so" prefix_auto="0" extension_auto="0" />
         <Option working_dir="/home/rbtying/wkspc_Spring_2017/grasp_reachability_planning/build-graspit-Desktop-Default" />
         <Option object_output="./" />
         <Option type="3" />
         <Option compiler="gcc" />
         <Compiler>
            <Add option="-Dqh_QHpointer" />
            <Add option="-DQT_NO_DEBUG" />
            <Add option="-DQT3_SUPPORT" />
            <Add option="-DQT_3SUPPORT_LIB" />
            <Add option="-DQT_SQL_LIB" />
            <Add option="-DQT_CORE_LIB" />
            <Add option="-DGRASPIT_RELEASE" />
            <Add option="-DGRASPIT_EXPORTS" />
            <Add option="-DCGDB_ENABLED" />
            <Add option="-DBATCH_PROCESSING" />
            <Add option="-DPLY_READER" />
            <Add option="-DGRASPIT_COLLISION" />
            <Add option="-DGRASPIT_DYNAMICS" />
            <Add directory="/home/rbtying/wkspc_Spring_2017/grasp_reachability_planning/build-graspit-Desktop-Default/include/graspit/ui" />
            <Add directory="/home/rbtying/wkspc_Spring_2017/grasp_reachability_planning/graspit" />
            <Add directory="/home/rbtying/wkspc_Spring_2017/grasp_reachability_planning/graspit/EIGEN3_INCLUDE_DIR" />
            <Add directory="/home/rbtying/wkspc_Spring_2017/grasp_reachability_planning/graspit/cmdline" />
            <Add directory="/home/rbtying/wkspc_Spring_2017/grasp_reachability_planning/graspit/include" />
            <Add directory="/home/rbtying/wkspc_Spring_2017/grasp_reachability_planning/graspit/include/Collision" />
            <Add directory="/home/rbtying/wkspc_Spring_2017/grasp_reachability_planning/graspit/include/Collision/Graspit" />
            <Add directory="/home/rbtying/wkspc_Spring_2017/grasp_reachability_planning/graspit/include/DBase" />
            <Add directory="/home/rbtying/wkspc_Spring_2017/grasp_reachability_planning/graspit/include/DBase/DBPlanner" />
            <Add directory="/home/rbtying/wkspc_Spring_2017/grasp_reachability_planning/graspit/include/EGPlanner" />
            <Add directory="/home/rbtying/wkspc_Spring_2017/grasp_reachability_planning/graspit/include/EGPlanner/energy" />
            <Add directory="/home/rbtying/wkspc_Spring_2017/grasp_reachability_planning/graspit/include/Planner" />
            <Add directory="/home/rbtying/wkspc_Spring_2017/grasp_reachability_planning/graspit/include/contact" />
            <Add directory="/home/rbtying/wkspc_Spring_2017/grasp_reachability_planning/graspit/include/dynamics" />
            <Add directory="/home/rbtying/wkspc_Spring_2017/grasp_reachability_planning/graspit/include/math" />
            <Add directory="/home/rbtying/wkspc_Spring_2017/grasp_reachability_planning/graspit/include/robots" />
            <Add directory="/home/rbtying/wkspc_Spring_2017/grasp_reachability_planning/graspit/ply" />
            <Add directory="/home/rbtying/wkspc_Spring_2017/grasp_reachability_planning/graspit/tinyxml" />
            <Add directory="/home/rbtying/wkspc_Spring_2017/grasp_reachability_planning/graspit/ui" />
            <Add directory="/home/rbtying/wkspc_Spring_2017/grasp_reachability_planning/graspit/ui/EGPlanner" />
            <Add directory="/home/rbtying/wkspc_Spring_2017/grasp_reachability_planning/graspit/ui/Planner" />
            <Add directory="/opt/ros/indigo/include" />
            <Add directory="/usr/include" />
            <Add directory="/usr/include/c++/4.8" />
            <Add directory="/usr/include/c++/4.8/backward" />
            <Add directory="/usr/include/libqhull" />
            <Add directory="/usr/include/qt4" />
            <Add directory="/usr/include/qt4/Qt3Support" />
            <Add directory="/usr/include/qt4/QtCore" />
            <Add directory="/usr/include/qt4/QtDBus" />
            <Add directory="/usr/include/qt4/QtDeclarative" />
            <Add directory="/usr/include/qt4/QtDesigner" />
            <Add directory="/usr/include/qt4/QtGui" />
            <Add directory="/usr/include/qt4/QtHelp" />
            <Add directory="/usr/include/qt4/QtNetwork" />
            <Add directory="/usr/include/qt4/QtOpenGL" />
            <Add directory="/usr/include/qt4/QtScript" />
            <Add directory="/usr/include/qt4/QtScriptTools" />
            <Add directory="/usr/include/qt4/QtSql" />
            <Add directory="/usr/include/qt4/QtSvg" />
            <Add directory="/usr/include/qt4/QtTest" />
            <Add directory="/usr/include/qt4/QtUiTools" />
            <Add directory="/usr/include/qt4/QtWebKit" />
            <Add directory="/usr/include/qt4/QtXml" />
            <Add directory="/usr/include/qt4/QtXmlPatterns" />
            <Add directory="/usr/include/x86_64-linux-gnu" />
            <Add directory="/usr/include/x86_64-linux-gnu/c++/4.8" />
            <Add directory="/usr/lib/gcc/x86_64-linux-gnu/4.8/include" />
            <Add directory="/usr/lib/gcc/x86_64-linux-gnu/4.8/include-fixed" />
            <Add directory="/usr/local/include" />
            <Add directory="/usr/share/qt4/mkspecs/default" />
         </Compiler>
         <MakeCommands>
            <Build command="/usr/bin/make -f &quot;/home/rbtying/wkspc_Spring_2017/grasp_reachability_planning/build-graspit-Desktop-Default/Makefile&quot;  VERBOSE=1 graspit/fast" />
            <CompileFile command="/usr/bin/make -f &quot;/home/rbtying/wkspc_Spring_2017/grasp_reachability_planning/build-graspit-Desktop-Default/Makefile&quot;  VERBOSE=1 &quot;$file&quot;" />
            <Clean command="/usr/bin/make -f &quot;/home/rbtying/wkspc_Spring_2017/grasp_reachability_planning/build-graspit-Desktop-Default/Makefile&quot;  VERBOSE=1 clean" />
            <DistClean command="/usr/bin/make -f &quot;/home/rbtying/wkspc_Spring_2017/grasp_reachability_planning/build-graspit-Desktop-Default/Makefile&quot;  VERBOSE=1 clean" />
         </MakeCommands>
      </Target>
      <Target title="graspit_simulator">
         <Option output="/home/rbtying/wkspc_Spring_2017/grasp_reachability_planning/build-graspit-Desktop-Default/graspit_simulator" prefix_auto="0" extension_auto="0" />
         <Option working_dir="/home/rbtying/wkspc_Spring_2017/grasp_reachability_planning/build-graspit-Desktop-Default" />
         <Option object_output="./" />
         <Option type="1" />
         <Option compiler="gcc" />
         <Compiler>
            <Add option="-Dqh_QHpointer" />
            <Add option="-DQT_NO_DEBUG" />
            <Add option="-DQT3_SUPPORT" />
            <Add option="-DQT_3SUPPORT_LIB" />
            <Add option="-DQT_SQL_LIB" />
            <Add option="-DQT_CORE_LIB" />
            <Add option="-DGRASPIT_RELEASE" />
            <Add option="-DGRASPIT_EXPORTS" />
            <Add option="-DCGDB_ENABLED" />
            <Add option="-DBATCH_PROCESSING" />
            <Add option="-DPLY_READER" />
            <Add option="-DGRASPIT_COLLISION" />
            <Add option="-DGRASPIT_DYNAMICS" />
            <Add directory="/home/rbtying/wkspc_Spring_2017/grasp_reachability_planning/build-graspit-Desktop-Default/include/graspit/ui" />
            <Add directory="/home/rbtying/wkspc_Spring_2017/grasp_reachability_planning/graspit" />
            <Add directory="/home/rbtying/wkspc_Spring_2017/grasp_reachability_planning/graspit/EIGEN3_INCLUDE_DIR" />
            <Add directory="/home/rbtying/wkspc_Spring_2017/grasp_reachability_planning/graspit/cmdline" />
            <Add directory="/home/rbtying/wkspc_Spring_2017/grasp_reachability_planning/graspit/include" />
            <Add directory="/home/rbtying/wkspc_Spring_2017/grasp_reachability_planning/graspit/include/Collision" />
            <Add directory="/home/rbtying/wkspc_Spring_2017/grasp_reachability_planning/graspit/include/Collision/Graspit" />
            <Add directory="/home/rbtying/wkspc_Spring_2017/grasp_reachability_planning/graspit/include/DBase" />
            <Add directory="/home/rbtying/wkspc_Spring_2017/grasp_reachability_planning/graspit/include/DBase/DBPlanner" />
            <Add directory="/home/rbtying/wkspc_Spring_2017/grasp_reachability_planning/graspit/include/EGPlanner" />
            <Add directory="/home/rbtying/wkspc_Spring_2017/grasp_reachability_planning/graspit/include/EGPlanner/energy" />
            <Add directory="/home/rbtying/wkspc_Spring_2017/grasp_reachability_planning/graspit/include/Planner" />
            <Add directory="/home/rbtying/wkspc_Spring_2017/grasp_reachability_planning/graspit/include/contact" />
            <Add directory="/home/rbtying/wkspc_Spring_2017/grasp_reachability_planning/graspit/include/dynamics" />
            <Add directory="/home/rbtying/wkspc_Spring_2017/grasp_reachability_planning/graspit/include/math" />
            <Add directory="/home/rbtying/wkspc_Spring_2017/grasp_reachability_planning/graspit/include/robots" />
            <Add directory="/home/rbtying/wkspc_Spring_2017/grasp_reachability_planning/graspit/ply" />
            <Add directory="/home/rbtying/wkspc_Spring_2017/grasp_reachability_planning/graspit/tinyxml" />
            <Add directory="/home/rbtying/wkspc_Spring_2017/grasp_reachability_planning/graspit/ui" />
            <Add directory="/home/rbtying/wkspc_Spring_2017/grasp_reachability_planning/graspit/ui/EGPlanner" />
            <Add directory="/home/rbtying/wkspc_Spring_2017/grasp_reachability_planning/graspit/ui/Planner" />
            <Add directory="/opt/ros/indigo/include" />
            <Add directory="/usr/include" />
            <Add directory="/usr/include/c++/4.8" />
            <Add directory="/usr/include/c++/4.8/backward" />
            <Add directory="/usr/include/libqhull" />
            <Add directory="/usr/include/qt4" />
            <Add directory="/usr/include/qt4/Qt3Support" />
            <Add directory="/usr/include/qt4/QtCore" />
            <Add directory="/usr/include/qt4/QtDBus" />
            <Add directory="/usr/include/qt4/QtDeclarative" />
            <Add directory="/usr/include/qt4/QtDesigner" />
            <Add directory="/usr/include/qt4/QtGui" />
            <Add directory="/usr/include/qt4/QtHelp" />
            <Add directory="/usr/include/qt4/QtNetwork" />
            <Add directory="/usr/include/qt4/QtOpenGL" />
            <Add directory="/usr/include/qt4/QtScript" />
            <Add directory="/usr/include/qt4/QtScriptTools" />
            <Add directory="/usr/include/qt4/QtSql" />
            <Add directory="/usr/include/qt4/QtSvg" />
            <Add directory="/usr/include/qt4/QtTest" />
            <Add directory="/usr/include/qt4/QtUiTools" />
            <Add directory="/usr/include/qt4/QtWebKit" />
            <Add directory="/usr/include/qt4/QtXml" />
            <Add directory="/usr/include/qt4/QtXmlPatterns" />
            <Add directory="/usr/include/x86_64-linux-gnu" />
            <Add directory="/usr/include/x86_64-linux-gnu/c++/4.8" />
            <Add directory="/usr/lib/gcc/x86_64-linux-gnu/4.8/include" />
            <Add directory="/usr/lib/gcc/x86_64-linux-gnu/4.8/include-fixed" />
            <Add directory="/usr/local/include" />
            <Add directory="/usr/share/qt4/mkspecs/default" />
         </Compiler>
         <MakeCommands>
            <Build command="/usr/bin/make -f &quot;/home/rbtying/wkspc_Spring_2017/grasp_reachability_planning/build-graspit-Desktop-Default/Makefile&quot;  VERBOSE=1 graspit_simulator" />
            <CompileFile command="/usr/bin/make -f &quot;/home/rbtying/wkspc_Spring_2017/grasp_reachability_planning/build-graspit-Desktop-Default/Makefile&quot;  VERBOSE=1 &quot;$file&quot;" />
            <Clean command="/usr/bin/make -f &quot;/home/rbtying/wkspc_Spring_2017/grasp_reachability_planning/build-graspit-Desktop-Default/Makefile&quot;  VERBOSE=1 clean" />
            <DistClean command="/usr/bin/make -f &quot;/home/rbtying/wkspc_Spring_2017/grasp_reachability_planning/build-graspit-Desktop-Default/Makefile&quot;  VERBOSE=1 clean" />
         </MakeCommands>
      </Target>
      <Target title="graspit_simulator/fast">
         <Option output="/home/rbtying/wkspc_Spring_2017/grasp_reachability_planning/build-graspit-Desktop-Default/graspit_simulator" prefix_auto="0" extension_auto="0" />
         <Option working_dir="/home/rbtying/wkspc_Spring_2017/grasp_reachability_planning/build-graspit-Desktop-Default" />
         <Option object_output="./" />
         <Option type="1" />
         <Option compiler="gcc" />
         <Compiler>
            <Add option="-Dqh_QHpointer" />
            <Add option="-DQT_NO_DEBUG" />
            <Add option="-DQT3_SUPPORT" />
            <Add option="-DQT_3SUPPORT_LIB" />
            <Add option="-DQT_SQL_LIB" />
            <Add option="-DQT_CORE_LIB" />
            <Add option="-DGRASPIT_RELEASE" />
            <Add option="-DGRASPIT_EXPORTS" />
            <Add option="-DCGDB_ENABLED" />
            <Add option="-DBATCH_PROCESSING" />
            <Add option="-DPLY_READER" />
            <Add option="-DGRASPIT_COLLISION" />
            <Add option="-DGRASPIT_DYNAMICS" />
            <Add directory="/home/rbtying/wkspc_Spring_2017/grasp_reachability_planning/build-graspit-Desktop-Default/include/graspit/ui" />
            <Add directory="/home/rbtying/wkspc_Spring_2017/grasp_reachability_planning/graspit" />
            <Add directory="/home/rbtying/wkspc_Spring_2017/grasp_reachability_planning/graspit/EIGEN3_INCLUDE_DIR" />
            <Add directory="/home/rbtying/wkspc_Spring_2017/grasp_reachability_planning/graspit/cmdline" />
            <Add directory="/home/rbtying/wkspc_Spring_2017/grasp_reachability_planning/graspit/include" />
            <Add directory="/home/rbtying/wkspc_Spring_2017/grasp_reachability_planning/graspit/include/Collision" />
            <Add directory="/home/rbtying/wkspc_Spring_2017/grasp_reachability_planning/graspit/include/Collision/Graspit" />
            <Add directory="/home/rbtying/wkspc_Spring_2017/grasp_reachability_planning/graspit/include/DBase" />
            <Add directory="/home/rbtying/wkspc_Spring_2017/grasp_reachability_planning/graspit/include/DBase/DBPlanner" />
            <Add directory="/home/rbtying/wkspc_Spring_2017/grasp_reachability_planning/graspit/include/EGPlanner" />
            <Add directory="/home/rbtying/wkspc_Spring_2017/grasp_reachability_planning/graspit/include/EGPlanner/energy" />
            <Add directory="/home/rbtying/wkspc_Spring_2017/grasp_reachability_planning/graspit/include/Planner" />
            <Add directory="/home/rbtying/wkspc_Spring_2017/grasp_reachability_planning/graspit/include/contact" />
            <Add directory="/home/rbtying/wkspc_Spring_2017/grasp_reachability_planning/graspit/include/dynamics" />
            <Add directory="/home/rbtying/wkspc_Spring_2017/grasp_reachability_planning/graspit/include/math" />
            <Add directory="/home/rbtying/wkspc_Spring_2017/grasp_reachability_planning/graspit/include/robots" />
            <Add directory="/home/rbtying/wkspc_Spring_2017/grasp_reachability_planning/graspit/ply" />
            <Add directory="/home/rbtying/wkspc_Spring_2017/grasp_reachability_planning/graspit/tinyxml" />
            <Add directory="/home/rbtying/wkspc_Spring_2017/grasp_reachability_planning/graspit/ui" />
            <Add directory="/home/rbtying/wkspc_Spring_2017/grasp_reachability_planning/graspit/ui/EGPlanner" />
            <Add directory="/home/rbtying/wkspc_Spring_2017/grasp_reachability_planning/graspit/ui/Planner" />
            <Add directory="/opt/ros/indigo/include" />
            <Add directory="/usr/include" />
            <Add directory="/usr/include/c++/4.8" />
            <Add directory="/usr/include/c++/4.8/backward" />
            <Add directory="/usr/include/libqhull" />
            <Add directory="/usr/include/qt4" />
            <Add directory="/usr/include/qt4/Qt3Support" />
            <Add directory="/usr/include/qt4/QtCore" />
            <Add directory="/usr/include/qt4/QtDBus" />
            <Add directory="/usr/include/qt4/QtDeclarative" />
            <Add directory="/usr/include/qt4/QtDesigner" />
            <Add directory="/usr/include/qt4/QtGui" />
            <Add directory="/usr/include/qt4/QtHelp" />
            <Add directory="/usr/include/qt4/QtNetwork" />
            <Add directory="/usr/include/qt4/QtOpenGL" />
            <Add directory="/usr/include/qt4/QtScript" />
            <Add directory="/usr/include/qt4/QtScriptTools" />
            <Add directory="/usr/include/qt4/QtSql" />
            <Add directory="/usr/include/qt4/QtSvg" />
            <Add directory="/usr/include/qt4/QtTest" />
            <Add directory="/usr/include/qt4/QtUiTools" />
            <Add directory="/usr/include/qt4/QtWebKit" />
            <Add directory="/usr/include/qt4/QtXml" />
            <Add directory="/usr/include/qt4/QtXmlPatterns" />
            <Add directory="/usr/include/x86_64-linux-gnu" />
            <Add directory="/usr/include/x86_64-linux-gnu/c++/4.8" />
            <Add directory="/usr/lib/gcc/x86_64-linux-gnu/4.8/include" />
            <Add directory="/usr/lib/gcc/x86_64-linux-gnu/4.8/include-fixed" />
            <Add directory="/usr/local/include" />
            <Add directory="/usr/share/qt4/mkspecs/default" />
         </Compiler>
         <MakeCommands>
            <Build command="/usr/bin/make -f &quot;/home/rbtying/wkspc_Spring_2017/grasp_reachability_planning/build-graspit-Desktop-Default/Makefile&quot;  VERBOSE=1 graspit_simulator/fast" />
            <CompileFile command="/usr/bin/make -f &quot;/home/rbtying/wkspc_Spring_2017/grasp_reachability_planning/build-graspit-Desktop-Default/Makefile&quot;  VERBOSE=1 &quot;$file&quot;" />
            <Clean command="/usr/bin/make -f &quot;/home/rbtying/wkspc_Spring_2017/grasp_reachability_planning/build-graspit-Desktop-Default/Makefile&quot;  VERBOSE=1 clean" />
            <DistClean command="/usr/bin/make -f &quot;/home/rbtying/wkspc_Spring_2017/grasp_reachability_planning/build-graspit-Desktop-Default/Makefile&quot;  VERBOSE=1 clean" />
         </MakeCommands>
      </Target>
      <Target title="install">
         <Option working_dir="/home/rbtying/wkspc_Spring_2017/grasp_reachability_planning/build-graspit-Desktop-Default" />
         <Option type="4" />
         <MakeCommands>
            <Build command="/usr/bin/make -f &quot;/home/rbtying/wkspc_Spring_2017/grasp_reachability_planning/build-graspit-Desktop-Default/Makefile&quot;  VERBOSE=1 install" />
            <CompileFile command="/usr/bin/make -f &quot;/home/rbtying/wkspc_Spring_2017/grasp_reachability_planning/build-graspit-Desktop-Default/Makefile&quot;  VERBOSE=1 &quot;$file&quot;" />
            <Clean command="/usr/bin/make -f &quot;/home/rbtying/wkspc_Spring_2017/grasp_reachability_planning/build-graspit-Desktop-Default/Makefile&quot;  VERBOSE=1 clean" />
            <DistClean command="/usr/bin/make -f &quot;/home/rbtying/wkspc_Spring_2017/grasp_reachability_planning/build-graspit-Desktop-Default/Makefile&quot;  VERBOSE=1 clean" />
         </MakeCommands>
      </Target>
      <Target title="install/local">
         <Option working_dir="/home/rbtying/wkspc_Spring_2017/grasp_reachability_planning/build-graspit-Desktop-Default" />
         <Option type="4" />
         <MakeCommands>
            <Build command="/usr/bin/make -f &quot;/home/rbtying/wkspc_Spring_2017/grasp_reachability_planning/build-graspit-Desktop-Default/Makefile&quot;  VERBOSE=1 install/local" />
            <CompileFile command="/usr/bin/make -f &quot;/home/rbtying/wkspc_Spring_2017/grasp_reachability_planning/build-graspit-Desktop-Default/Makefile&quot;  VERBOSE=1 &quot;$file&quot;" />
            <Clean command="/usr/bin/make -f &quot;/home/rbtying/wkspc_Spring_2017/grasp_reachability_planning/build-graspit-Desktop-Default/Makefile&quot;  VERBOSE=1 clean" />
            <DistClean command="/usr/bin/make -f &quot;/home/rbtying/wkspc_Spring_2017/grasp_reachability_planning/build-graspit-Desktop-Default/Makefile&quot;  VERBOSE=1 clean" />
         </MakeCommands>
      </Target>
      <Target title="install/strip">
         <Option working_dir="/home/rbtying/wkspc_Spring_2017/grasp_reachability_planning/build-graspit-Desktop-Default" />
         <Option type="4" />
         <MakeCommands>
            <Build command="/usr/bin/make -f &quot;/home/rbtying/wkspc_Spring_2017/grasp_reachability_planning/build-graspit-Desktop-Default/Makefile&quot;  VERBOSE=1 install/strip" />
            <CompileFile command="/usr/bin/make -f &quot;/home/rbtying/wkspc_Spring_2017/grasp_reachability_planning/build-graspit-Desktop-Default/Makefile&quot;  VERBOSE=1 &quot;$file&quot;" />
            <Clean command="/usr/bin/make -f &quot;/home/rbtying/wkspc_Spring_2017/grasp_reachability_planning/build-graspit-Desktop-Default/Makefile&quot;  VERBOSE=1 clean" />
            <DistClean command="/usr/bin/make -f &quot;/home/rbtying/wkspc_Spring_2017/grasp_reachability_planning/build-graspit-Desktop-Default/Makefile&quot;  VERBOSE=1 clean" />
         </MakeCommands>
      </Target>
      <Target title="list_install_components">
         <Option working_dir="/home/rbtying/wkspc_Spring_2017/grasp_reachability_planning/build-graspit-Desktop-Default" />
         <Option type="4" />
         <MakeCommands>
            <Build command="/usr/bin/make -f &quot;/home/rbtying/wkspc_Spring_2017/grasp_reachability_planning/build-graspit-Desktop-Default/Makefile&quot;  VERBOSE=1 list_install_components" />
            <CompileFile command="/usr/bin/make -f &quot;/home/rbtying/wkspc_Spring_2017/grasp_reachability_planning/build-graspit-Desktop-Default/Makefile&quot;  VERBOSE=1 &quot;$file&quot;" />
            <Clean command="/usr/bin/make -f &quot;/home/rbtying/wkspc_Spring_2017/grasp_reachability_planning/build-graspit-Desktop-Default/Makefile&quot;  VERBOSE=1 clean" />
            <DistClean command="/usr/bin/make -f &quot;/home/rbtying/wkspc_Spring_2017/grasp_reachability_planning/build-graspit-Desktop-Default/Makefile&quot;  VERBOSE=1 clean" />
         </MakeCommands>
      </Target>
      <Target title="rebuild_cache">
         <Option working_dir="/home/rbtying/wkspc_Spring_2017/grasp_reachability_planning/build-graspit-Desktop-Default" />
         <Option type="4" />
         <MakeCommands>
            <Build command="/usr/bin/make -f &quot;/home/rbtying/wkspc_Spring_2017/grasp_reachability_planning/build-graspit-Desktop-Default/Makefile&quot;  VERBOSE=1 rebuild_cache" />
            <CompileFile command="/usr/bin/make -f &quot;/home/rbtying/wkspc_Spring_2017/grasp_reachability_planning/build-graspit-Desktop-Default/Makefile&quot;  VERBOSE=1 &quot;$file&quot;" />
            <Clean command="/usr/bin/make -f &quot;/home/rbtying/wkspc_Spring_2017/grasp_reachability_planning/build-graspit-Desktop-Default/Makefile&quot;  VERBOSE=1 clean" />
            <DistClean command="/usr/bin/make -f &quot;/home/rbtying/wkspc_Spring_2017/grasp_reachability_planning/build-graspit-Desktop-Default/Makefile&quot;  VERBOSE=1 clean" />
         </MakeCommands>
      </Target>
      </Build>
      <Unit filename="/home/rbtying/wkspc_Spring_2017/grasp_reachability_planning/graspit/ply/mesh_loader.cpp">
      </Unit>
      <Unit filename="/home/rbtying/wkspc_Spring_2017/grasp_reachability_planning/graspit/ply/ply.c">
      </Unit>
      <Unit filename="/home/rbtying/wkspc_Spring_2017/grasp_reachability_planning/graspit/src/Collision/Graspit/collisionAlgorithms.cpp">
      </Unit>
      <Unit filename="/home/rbtying/wkspc_Spring_2017/grasp_reachability_planning/graspit/src/Collision/Graspit/collisionModel.cpp">
      </Unit>
      <Unit filename="/home/rbtying/wkspc_Spring_2017/grasp_reachability_planning/graspit/src/Collision/Graspit/graspitCollision.cpp">
      </Unit>
      <Unit filename="/home/rbtying/wkspc_Spring_2017/grasp_reachability_planning/graspit/src/Collision/collisionInterface.cpp">
      </Unit>
      <Unit filename="/home/rbtying/wkspc_Spring_2017/grasp_reachability_planning/graspit/src/DBase/DBPlanner/database.cpp">
      </Unit>
      <Unit filename="/home/rbtying/wkspc_Spring_2017/grasp_reachability_planning/graspit/src/DBase/DBPlanner/sql_database_manager.cpp">
      </Unit>
      <Unit filename="/home/rbtying/wkspc_Spring_2017/grasp_reachability_planning/graspit/src/DBase/compliantGraspCopyTask.cpp">
      </Unit>
      <Unit filename="/home/rbtying/wkspc_Spring_2017/grasp_reachability_planning/graspit/src/DBase/dbase_grasp.cpp">
      </Unit>
      <Unit filename="/home/rbtying/wkspc_Spring_2017/grasp_reachability_planning/graspit/src/DBase/graspClusteringTask.cpp">
      </Unit>
      <Unit filename="/home/rbtying/wkspc_Spring_2017/grasp_reachability_planning/graspit/src/DBase/graspPlanningTask.cpp">
      </Unit>
      <Unit filename="/home/rbtying/wkspc_Spring_2017/grasp_reachability_planning/graspit/src/DBase/graspTransferCheckTask.cpp">
      </Unit>
      <Unit filename="/home/rbtying/wkspc_Spring_2017/grasp_reachability_planning/graspit/src/DBase/graspit_db_grasp.cpp">
      </Unit>
      <Unit filename="/home/rbtying/wkspc_Spring_2017/grasp_reachability_planning/graspit/src/DBase/graspit_db_model.cpp">
      </Unit>
      <Unit filename="/home/rbtying/wkspc_Spring_2017/grasp_reachability_planning/graspit/src/DBase/graspit_db_planner.cpp">
      </Unit>
      <Unit filename="/home/rbtying/wkspc_Spring_2017/grasp_reachability_planning/graspit/src/DBase/preGraspCheckTask.cpp">
      </Unit>
      <Unit filename="/home/rbtying/wkspc_Spring_2017/grasp_reachability_planning/graspit/src/DBase/tableCheckTask.cpp">
      </Unit>
      <Unit filename="/home/rbtying/wkspc_Spring_2017/grasp_reachability_planning/graspit/src/DBase/taskDispatcher.cpp">
      </Unit>
      <Unit filename="/home/rbtying/wkspc_Spring_2017/grasp_reachability_planning/graspit/src/EGPlanner/egPlanner.cpp">
      </Unit>
      <Unit filename="/home/rbtying/wkspc_Spring_2017/grasp_reachability_planning/graspit/src/EGPlanner/energy/autoGraspQualityEnergy.cpp">
      </Unit>
      <Unit filename="/home/rbtying/wkspc_Spring_2017/grasp_reachability_planning/graspit/src/EGPlanner/energy/compliantEnergy.cpp">
      </Unit>
      <Unit filename="/home/rbtying/wkspc_Spring_2017/grasp_reachability_planning/graspit/src/EGPlanner/energy/contactEnergy.cpp">
      </Unit>
      <Unit filename="/home/rbtying/wkspc_Spring_2017/grasp_reachability_planning/graspit/src/EGPlanner/energy/dynamicAutoGraspEnergy.cpp">
      </Unit>
      <Unit filename="/home/rbtying/wkspc_Spring_2017/grasp_reachability_planning/graspit/src/EGPlanner/energy/guidedAutoGraspEnergy.cpp">
      </Unit>
      <Unit filename="/home/rbtying/wkspc_Spring_2017/grasp_reachability_planning/graspit/src/EGPlanner/energy/guidedPotentialQualityEnergy.cpp">
      </Unit>
      <Unit filename="/home/rbtying/wkspc_Spring_2017/grasp_reachability_planning/graspit/src/EGPlanner/energy/guidedReachablePotentialQualityEnergy.cpp">
      </Unit>
      <Unit filename="/home/rbtying/wkspc_Spring_2017/grasp_reachability_planning/graspit/src/EGPlanner/energy/potentialQualityEnergy.cpp">
      </Unit>
      <Unit filename="/home/rbtying/wkspc_Spring_2017/grasp_reachability_planning/graspit/src/EGPlanner/energy/searchEnergy.cpp">
      </Unit>
      <Unit filename="/home/rbtying/wkspc_Spring_2017/grasp_reachability_planning/graspit/src/EGPlanner/energy/searchEnergyFactory.cpp">
      </Unit>
      <Unit filename="/home/rbtying/wkspc_Spring_2017/grasp_reachability_planning/graspit/src/EGPlanner/energy/strictAutoGraspEnergy.cpp">
      </Unit>
      <Unit filename="/home/rbtying/wkspc_Spring_2017/grasp_reachability_planning/graspit/src/EGPlanner/graspTesterThread.cpp">
      </Unit>
      <Unit filename="/home/rbtying/wkspc_Spring_2017/grasp_reachability_planning/graspit/src/EGPlanner/guidedPlanner.cpp">
      </Unit>
      <Unit filename="/home/rbtying/wkspc_Spring_2017/grasp_reachability_planning/graspit/src/EGPlanner/listPlanner.cpp">
      </Unit>
      <Unit filename="/home/rbtying/wkspc_Spring_2017/grasp_reachability_planning/graspit/src/EGPlanner/loopPlanner.cpp">
      </Unit>
      <Unit filename="/home/rbtying/wkspc_Spring_2017/grasp_reachability_planning/graspit/src/EGPlanner/onLineGraspInterface.cpp">
      </Unit>
      <Unit filename="/home/rbtying/wkspc_Spring_2017/grasp_reachability_planning/graspit/src/EGPlanner/onLinePlanner.cpp">
      </Unit>
      <Unit filename="/home/rbtying/wkspc_Spring_2017/grasp_reachability_planning/graspit/src/EGPlanner/searchState.cpp">
      </Unit>
      <Unit filename="/home/rbtying/wkspc_Spring_2017/grasp_reachability_planning/graspit/src/EGPlanner/searchStateImpl.cpp">
      </Unit>
      <Unit filename="/home/rbtying/wkspc_Spring_2017/grasp_reachability_planning/graspit/src/EGPlanner/simAnn.cpp">
      </Unit>
      <Unit filename="/home/rbtying/wkspc_Spring_2017/grasp_reachability_planning/graspit/src/EGPlanner/simAnnPlanner.cpp">
      </Unit>
      <Unit filename="/home/rbtying/wkspc_Spring_2017/grasp_reachability_planning/graspit/src/EGPlanner/timeTest.cpp">
      </Unit>
      <Unit filename="/home/rbtying/wkspc_Spring_2017/grasp_reachability_planning/graspit/src/Planner/grasp_coordinates.cpp">
      </Unit>
      <Unit filename="/home/rbtying/wkspc_Spring_2017/grasp_reachability_planning/graspit/src/Planner/grasp_directions.cpp">
      </Unit>
      <Unit filename="/home/rbtying/wkspc_Spring_2017/grasp_reachability_planning/graspit/src/Planner/grasp_grasps.cpp">
      </Unit>
      <Unit filename="/home/rbtying/wkspc_Spring_2017/grasp_reachability_planning/graspit/src/Planner/grasp_manager.cpp">
      </Unit>
      <Unit filename="/home/rbtying/wkspc_Spring_2017/grasp_reachability_planning/graspit/src/Planner/grasp_planner.cpp">
      </Unit>
      <Unit filename="/home/rbtying/wkspc_Spring_2017/grasp_reachability_planning/graspit/src/Planner/grasp_presenter.cpp">
      </Unit>
      <Unit filename="/home/rbtying/wkspc_Spring_2017/grasp_reachability_planning/graspit/src/Planner/grasp_preshape.cpp">
      </Unit>
      <Unit filename="/home/rbtying/wkspc_Spring_2017/grasp_reachability_planning/graspit/src/Planner/grasp_tester.cpp">
      </Unit>
      <Unit filename="/home/rbtying/wkspc_Spring_2017/grasp_reachability_planning/graspit/src/Planner/grasp_visualization.cpp">
      </Unit>
      <Unit filename="/home/rbtying/wkspc_Spring_2017/grasp_reachability_planning/graspit/src/SoArrow.cpp">
      </Unit>
      <Unit filename="/home/rbtying/wkspc_Spring_2017/grasp_reachability_planning/graspit/src/SoComplexShape.cpp">
      </Unit>
      <Unit filename="/home/rbtying/wkspc_Spring_2017/grasp_reachability_planning/graspit/src/SoTorquePointer.cpp">
      </Unit>
      <Unit filename="/home/rbtying/wkspc_Spring_2017/grasp_reachability_planning/graspit/src/arch.cpp">
      </Unit>
      <Unit filename="/home/rbtying/wkspc_Spring_2017/grasp_reachability_planning/graspit/src/bBox.cpp">
      </Unit>
      <Unit filename="/home/rbtying/wkspc_Spring_2017/grasp_reachability_planning/graspit/src/body.cpp">
      </Unit>
      <Unit filename="/home/rbtying/wkspc_Spring_2017/grasp_reachability_planning/graspit/src/bodySensor.cpp">
      </Unit>
      <Unit filename="/home/rbtying/wkspc_Spring_2017/grasp_reachability_planning/graspit/src/contact/contact.cpp">
      </Unit>
      <Unit filename="/home/rbtying/wkspc_Spring_2017/grasp_reachability_planning/graspit/src/contact/pointContact.cpp">
      </Unit>
      <Unit filename="/home/rbtying/wkspc_Spring_2017/grasp_reachability_planning/graspit/src/contact/softContact.cpp">
      </Unit>
      <Unit filename="/home/rbtying/wkspc_Spring_2017/grasp_reachability_planning/graspit/src/contact/virtualContact.cpp">
      </Unit>
      <Unit filename="/home/rbtying/wkspc_Spring_2017/grasp_reachability_planning/graspit/src/contact/virtualContactOnObject.cpp">
      </Unit>
      <Unit filename="/home/rbtying/wkspc_Spring_2017/grasp_reachability_planning/graspit/src/contactSetting.cpp">
      </Unit>
      <Unit filename="/home/rbtying/wkspc_Spring_2017/grasp_reachability_planning/graspit/src/dof.cpp">
      </Unit>
      <Unit filename="/home/rbtying/wkspc_Spring_2017/grasp_reachability_planning/graspit/src/dynamics/dynJoint.cpp">
      </Unit>
      <Unit filename="/home/rbtying/wkspc_Spring_2017/grasp_reachability_planning/graspit/src/dynamics/dynamics.cpp">
      </Unit>
      <Unit filename="/home/rbtying/wkspc_Spring_2017/grasp_reachability_planning/graspit/src/dynamics/graspitDynamics.cpp">
      </Unit>
      <Unit filename="/home/rbtying/wkspc_Spring_2017/grasp_reachability_planning/graspit/src/eigenGrasp.cpp">
      </Unit>
      <Unit filename="/home/rbtying/wkspc_Spring_2017/grasp_reachability_planning/graspit/src/flockTransform.cpp">
      </Unit>
      <Unit filename="/home/rbtying/wkspc_Spring_2017/grasp_reachability_planning/graspit/src/gloveInterface.cpp">
      </Unit>
      <Unit filename="/home/rbtying/wkspc_Spring_2017/grasp_reachability_planning/graspit/src/grasp.cpp">
      </Unit>
      <Unit filename="/home/rbtying/wkspc_Spring_2017/grasp_reachability_planning/graspit/src/graspRecord.cpp">
      </Unit>
      <Unit filename="/home/rbtying/wkspc_Spring_2017/grasp_reachability_planning/graspit/src/graspitApp.cpp">
      </Unit>
      <Unit filename="/home/rbtying/wkspc_Spring_2017/grasp_reachability_planning/graspit/src/graspitCore.cpp">
      </Unit>
      <Unit filename="/home/rbtying/wkspc_Spring_2017/grasp_reachability_planning/graspit/src/graspitParser.cpp">
      </Unit>
      <Unit filename="/home/rbtying/wkspc_Spring_2017/grasp_reachability_planning/graspit/src/graspitServer.cpp">
      </Unit>
      <Unit filename="/home/rbtying/wkspc_Spring_2017/grasp_reachability_planning/graspit/src/gws.cpp">
      </Unit>
      <Unit filename="/home/rbtying/wkspc_Spring_2017/grasp_reachability_planning/graspit/src/gwsprojection.cpp">
      </Unit>
      <Unit filename="/home/rbtying/wkspc_Spring_2017/grasp_reachability_planning/graspit/src/ivmgr.cpp">
      </Unit>
      <Unit filename="/home/rbtying/wkspc_Spring_2017/grasp_reachability_planning/graspit/src/jacobian.cpp">
      </Unit>
      <Unit filename="/home/rbtying/wkspc_Spring_2017/grasp_reachability_planning/graspit/src/joint.cpp">
      </Unit>
      <Unit filename="/home/rbtying/wkspc_Spring_2017/grasp_reachability_planning/graspit/src/kinematicChain.cpp">
      </Unit>
      <Unit filename="/home/rbtying/wkspc_Spring_2017/grasp_reachability_planning/graspit/src/lmiOptimizer.cpp">
      </Unit>
      <Unit filename="/home/rbtying/wkspc_Spring_2017/grasp_reachability_planning/graspit/src/main.cpp">
      </Unit>
      <Unit filename="/home/rbtying/wkspc_Spring_2017/grasp_reachability_planning/graspit/src/material.cpp">
      </Unit>
      <Unit filename="/home/rbtying/wkspc_Spring_2017/grasp_reachability_planning/graspit/src/math/matrix.cpp">
      </Unit>
      <Unit filename="/home/rbtying/wkspc_Spring_2017/grasp_reachability_planning/graspit/src/matvec.cpp">
      </Unit>
      <Unit filename="/home/rbtying/wkspc_Spring_2017/grasp_reachability_planning/graspit/src/matvecIO.cpp">
      </Unit>
      <Unit filename="/home/rbtying/wkspc_Spring_2017/grasp_reachability_planning/graspit/src/maxdet_src.cpp">
      </Unit>
      <Unit filename="/home/rbtying/wkspc_Spring_2017/grasp_reachability_planning/graspit/src/mytools.cpp">
      </Unit>
      <Unit filename="/home/rbtying/wkspc_Spring_2017/grasp_reachability_planning/graspit/src/plugin.cpp">
      </Unit>
      <Unit filename="/home/rbtying/wkspc_Spring_2017/grasp_reachability_planning/graspit/src/profiling.cpp">
      </Unit>
      <Unit filename="/home/rbtying/wkspc_Spring_2017/grasp_reachability_planning/graspit/src/quality.cpp">
      </Unit>
      <Unit filename="/home/rbtying/wkspc_Spring_2017/grasp_reachability_planning/graspit/src/robot.cpp">
      </Unit>
      <Unit filename="/home/rbtying/wkspc_Spring_2017/grasp_reachability_planning/graspit/src/robots/barrett.cpp">
      </Unit>
      <Unit filename="/home/rbtying/wkspc_Spring_2017/grasp_reachability_planning/graspit/src/robots/humanHand.cpp">
      </Unit>
      <Unit filename="/home/rbtying/wkspc_Spring_2017/grasp_reachability_planning/graspit/src/robots/m7.cpp">
      </Unit>
      <Unit filename="/home/rbtying/wkspc_Spring_2017/grasp_reachability_planning/graspit/src/robots/m7tool.cpp">
      </Unit>
      <Unit filename="/home/rbtying/wkspc_Spring_2017/grasp_reachability_planning/graspit/src/robots/mcGrip.cpp">
      </Unit>
      <Unit filename="/home/rbtying/wkspc_Spring_2017/grasp_reachability_planning/graspit/src/robots/pr2Gripper.cpp">
      </Unit>
      <Unit filename="/home/rbtying/wkspc_Spring_2017/grasp_reachability_planning/graspit/src/robots/puma560.cpp">
      </Unit>
      <Unit filename="/home/rbtying/wkspc_Spring_2017/grasp_reachability_planning/graspit/src/robots/robonaut.cpp">
      </Unit>
      <Unit filename="/home/rbtying/wkspc_Spring_2017/grasp_reachability_planning/graspit/src/robots/robotiq.cpp">
      </Unit>
      <Unit filename="/home/rbtying/wkspc_Spring_2017/grasp_reachability_planning/graspit/src/robots/shadow.cpp">
      </Unit>
      <Unit filename="/home/rbtying/wkspc_Spring_2017/grasp_reachability_planning/graspit/src/scanSimulator.cpp">
      </Unit>
      <Unit filename="/home/rbtying/wkspc_Spring_2017/grasp_reachability_planning/graspit/src/transform.cpp">
      </Unit>
      <Unit filename="/home/rbtying/wkspc_Spring_2017/grasp_reachability_planning/graspit/src/triangle.cpp">
      </Unit>
      <Unit filename="/home/rbtying/wkspc_Spring_2017/grasp_reachability_planning/graspit/src/world.cpp">
      </Unit>
      <Unit filename="/home/rbtying/wkspc_Spring_2017/grasp_reachability_planning/graspit/src/worldElement.cpp">
      </Unit>
      <Unit filename="/home/rbtying/wkspc_Spring_2017/grasp_reachability_planning/graspit/src/worldElementFactory.cpp">
      </Unit>
      <Unit filename="/home/rbtying/wkspc_Spring_2017/grasp_reachability_planning/graspit/tinyxml/tinyxmlparser.cpp">
      </Unit>
      <Unit filename="/home/rbtying/wkspc_Spring_2017/grasp_reachability_planning/graspit/ui/DBase/dbaseDlg.cpp">
      </Unit>
      <Unit filename="/home/rbtying/wkspc_Spring_2017/grasp_reachability_planning/graspit/ui/DBase/dbasePlannerDlg.cpp">
      </Unit>
      <Unit filename="/home/rbtying/wkspc_Spring_2017/grasp_reachability_planning/graspit/ui/EGPlanner/compliantPlannerDlg.cpp">
      </Unit>
      <Unit filename="/home/rbtying/wkspc_Spring_2017/grasp_reachability_planning/graspit/ui/EGPlanner/egPlannerDlg.cpp">
      </Unit>
      <Unit filename="/home/rbtying/wkspc_Spring_2017/grasp_reachability_planning/graspit/ui/Planner/plannerdlg.cpp">
      </Unit>
      <Unit filename="/home/rbtying/wkspc_Spring_2017/grasp_reachability_planning/graspit/ui/archBuilderDlg.cpp">
      </Unit>
      <Unit filename="/home/rbtying/wkspc_Spring_2017/grasp_reachability_planning/graspit/ui/barrettHandDlg.cpp">
      </Unit>
      <Unit filename="/home/rbtying/wkspc_Spring_2017/grasp_reachability_planning/graspit/ui/bodyPropDlg.cpp">
      </Unit>
      <Unit filename="/home/rbtying/wkspc_Spring_2017/grasp_reachability_planning/graspit/ui/contactExaminerDlg.cpp">
      </Unit>
      <Unit filename="/home/rbtying/wkspc_Spring_2017/grasp_reachability_planning/graspit/ui/eigenGraspDlg.cpp">
      </Unit>
      <Unit filename="/home/rbtying/wkspc_Spring_2017/grasp_reachability_planning/graspit/ui/gfoDlg.cpp">
      </Unit>
      <Unit filename="/home/rbtying/wkspc_Spring_2017/grasp_reachability_planning/graspit/ui/gloveCalibrationDlg.cpp">
      </Unit>
      <Unit filename="/home/rbtying/wkspc_Spring_2017/grasp_reachability_planning/graspit/ui/graspCaptureDlg.cpp">
      </Unit>
      <Unit filename="/home/rbtying/wkspc_Spring_2017/grasp_reachability_planning/graspit/ui/gwsProjDlg.cpp">
      </Unit>
      <Unit filename="/home/rbtying/wkspc_Spring_2017/grasp_reachability_planning/graspit/ui/mainWindow.cpp">
      </Unit>
      <Unit filename="/home/rbtying/wkspc_Spring_2017/grasp_reachability_planning/graspit/ui/qmDlg.cpp">
      </Unit>
      <Unit filename="/home/rbtying/wkspc_Spring_2017/grasp_reachability_planning/graspit/ui/settingsDlg.cpp">
      </Unit>
      <Unit filename="/home/rbtying/wkspc_Spring_2017/grasp_reachability_planning/graspit/ply/mesh_loader.h">
      </Unit>
      <Unit filename="/home/rbtying/wkspc_Spring_2017/grasp_reachability_planning/graspit/ply/ply.h">
      </Unit>
      <Unit filename="/home/rbtying/wkspc_Spring_2017/grasp_reachability_planning/graspit/ui/DBase/dbaseDlg.h">
      </Unit>
      <Unit filename="/home/rbtying/wkspc_Spring_2017/grasp_reachability_planning/graspit/ui/DBase/dbaseDlg.ui">
      </Unit>
      <Unit filename="/home/rbtying/wkspc_Spring_2017/grasp_reachability_planning/graspit/ui/DBase/dbasePlannerDlg.h">
      </Unit>
      <Unit filename="/home/rbtying/wkspc_Spring_2017/grasp_reachability_planning/graspit/ui/DBase/dbasePlannerDlg.ui">
      </Unit>
      <Unit filename="/home/rbtying/wkspc_Spring_2017/grasp_reachability_planning/graspit/ui/EGPlanner/compliantPlannerDlg.h">
      </Unit>
      <Unit filename="/home/rbtying/wkspc_Spring_2017/grasp_reachability_planning/graspit/ui/EGPlanner/compliantPlannerDlg.ui">
      </Unit>
      <Unit filename="/home/rbtying/wkspc_Spring_2017/grasp_reachability_planning/graspit/ui/EGPlanner/egPlannerDlg.h">
      </Unit>
      <Unit filename="/home/rbtying/wkspc_Spring_2017/grasp_reachability_planning/graspit/ui/EGPlanner/egPlannerDlg.ui">
      </Unit>
      <Unit filename="/home/rbtying/wkspc_Spring_2017/grasp_reachability_planning/graspit/ui/Planner/plannerdlg.h">
      </Unit>
      <Unit filename="/home/rbtying/wkspc_Spring_2017/grasp_reachability_planning/graspit/ui/Planner/plannerdlg.ui">
      </Unit>
      <Unit filename="/home/rbtying/wkspc_Spring_2017/grasp_reachability_planning/graspit/ui/about.ui">
      </Unit>
      <Unit filename="/home/rbtying/wkspc_Spring_2017/grasp_reachability_planning/graspit/ui/archBuilderDlg.h">
      </Unit>
      <Unit filename="/home/rbtying/wkspc_Spring_2017/grasp_reachability_planning/graspit/ui/archBuilderDlg.ui">
      </Unit>
      <Unit filename="/home/rbtying/wkspc_Spring_2017/grasp_reachability_planning/graspit/ui/barrettHandDlg.h">
      </Unit>
      <Unit filename="/home/rbtying/wkspc_Spring_2017/grasp_reachability_planning/graspit/ui/barrettHandDlg.ui">
      </Unit>
      <Unit filename="/home/rbtying/wkspc_Spring_2017/grasp_reachability_planning/graspit/ui/bodyPropDlg.h">
      </Unit>
      <Unit filename="/home/rbtying/wkspc_Spring_2017/grasp_reachability_planning/graspit/ui/bodyPropDlg.ui">
      </Unit>
      <Unit filename="/home/rbtying/wkspc_Spring_2017/grasp_reachability_planning/graspit/ui/contactExaminerDlg.h">
      </Unit>
      <Unit filename="/home/rbtying/wkspc_Spring_2017/grasp_reachability_planning/graspit/ui/contactExaminerDlg.ui">
      </Unit>
      <Unit filename="/home/rbtying/wkspc_Spring_2017/grasp_reachability_planning/graspit/ui/eigenGraspDlg.h">
      </Unit>
      <Unit filename="/home/rbtying/wkspc_Spring_2017/grasp_reachability_planning/graspit/ui/eigenGraspDlg.ui">
      </Unit>
      <Unit filename="/home/rbtying/wkspc_Spring_2017/grasp_reachability_planning/graspit/ui/gfoDlg.h">
      </Unit>
      <Unit filename="/home/rbtying/wkspc_Spring_2017/grasp_reachability_planning/graspit/ui/gfoDlg.ui">
      </Unit>
      <Unit filename="/home/rbtying/wkspc_Spring_2017/grasp_reachability_planning/graspit/ui/gloveCalibrationDlg.h">
      </Unit>
      <Unit filename="/home/rbtying/wkspc_Spring_2017/grasp_reachability_planning/graspit/ui/gloveCalibrationDlg.ui">
      </Unit>
      <Unit filename="/home/rbtying/wkspc_Spring_2017/grasp_reachability_planning/graspit/ui/graspCaptureDlg.h">
      </Unit>
      <Unit filename="/home/rbtying/wkspc_Spring_2017/grasp_reachability_planning/graspit/ui/graspCaptureDlg.ui">
      </Unit>
      <Unit filename="/home/rbtying/wkspc_Spring_2017/grasp_reachability_planning/graspit/ui/gwsProjDlg.h">
      </Unit>
      <Unit filename="/home/rbtying/wkspc_Spring_2017/grasp_reachability_planning/graspit/ui/gwsProjDlgBase.ui">
      </Unit>
      <Unit filename="/home/rbtying/wkspc_Spring_2017/grasp_reachability_planning/graspit/ui/mainWindow.h">
      </Unit>
      <Unit filename="/home/rbtying/wkspc_Spring_2017/grasp_reachability_planning/graspit/ui/mainWindow.ui">
      </Unit>
      <Unit filename="/home/rbtying/wkspc_Spring_2017/grasp_reachability_planning/graspit/ui/qmDlg.h">
      </Unit>
      <Unit filename="/home/rbtying/wkspc_Spring_2017/grasp_reachability_planning/graspit/ui/qmDlg.ui">
      </Unit>
      <Unit filename="/home/rbtying/wkspc_Spring_2017/grasp_reachability_planning/graspit/ui/qualityIndicator.ui">
      </Unit>
      <Unit filename="/home/rbtying/wkspc_Spring_2017/grasp_reachability_planning/graspit/ui/settingsDlg.h">
      </Unit>
      <Unit filename="/home/rbtying/wkspc_Spring_2017/grasp_reachability_planning/graspit/ui/settingsDlg.ui">
      </Unit>
      <Unit filename="/home/rbtying/wkspc_Spring_2017/grasp_reachability_planning/graspit/CMakeLists.txt">
          <Option virtualFolder="CMake Files\" />
      </Unit>
      <Unit filename="/home/rbtying/wkspc_Spring_2017/grasp_reachability_planning/graspit/CMakeMacros/FindQhull.cmake">
          <Option virtualFolder="CMake Files\CMakeMacros\" />
      </Unit>
      <Unit filename="/home/rbtying/wkspc_Spring_2017/grasp_reachability_planning/graspit/CMakeMacros/FindSoQt4.cmake">
          <Option virtualFolder="CMake Files\CMakeMacros\" />
      </Unit>
      <Unit filename="/home/rbtying/wkspc_Spring_2017/grasp_reachability_planning/graspit/CMakeMacros/FindEigen3.cmake">
          <Option virtualFolder="CMake Files\CMakeMacros\" />
      </Unit>
   </Project>
</CodeBlocks_project_file>
